{
  "name": "calc-transporte",
  "version": "0.1.0",
  "lockfileVersion": 1,
  "requires": true,
  "dependencies": {
    "lodash.defaults": {
      "version": "4.2.0",
      "resolved": "https://registry.npmjs.org/lodash.defaults/-/lodash.defaults-4.2.0.tgz",
      "integrity": "sha1-0JF4cW/+pN3p5ft7N/bwgCJ0WAw="
    },
    "lodash.flowright": {
      "version": "3.5.0",
      "resolved": "https://registry.npmjs.org/lodash.flowright/-/lodash.flowright-3.5.0.tgz",
      "integrity": "sha1-K1//OZcW1+fcVyT+k0n2cGUYTWc="
    },
    "lodash.foreach": {
      "version": "4.5.0",
      "resolved": "https://registry.npmjs.org/lodash.foreach/-/lodash.foreach-4.5.0.tgz",
      "integrity": "sha1-Gmo16s5AEoDH8G3d7DUWWrJ+PlM="
    }
  }
}
